
Microsoft Visual Studio Solution File, Format Version 12.00
Project("{2150E333-8FDC-42A3-9474-1A3956D46DE8}") = "src", "src", "{D2814DBA-CBA3-4EEC-9388-740D20D4B2D1}"
EndProject
Project("{2150E333-8FDC-42A3-9474-1A3956D46DE8}") = "test", "test", "{69C62AD0-C43F-471D-83E7-871ABC8A7C15}"
EndProject
Project("{FAE04EC0-301F-11D3-BF4B-00C04F79EFBC}") = "SE.MyProjectName.Infrastructure", "src\SE.MyProjectName.Infrastructure\SE.MyProjectName.Infrastructure.csproj", "{68DE6752-63A9-415D-B652-7F5014BD6F24}"
EndProject
Project("{FAE04EC0-301F-11D3-BF4B-00C04F79EFBC}") = "SE.MyProjectName.Domain", "src\SE.MyProjectName.Domain\SE.MyProjectName.Domain.csproj", "{C920DA1C-A404-4809-B75F-19C48CC52ABE}"
EndProject
Project("{FAE04EC0-301F-11D3-BF4B-00C04F79EFBC}") = "SE.MyProjectName.Domain.Shared", "src\SE.MyProjectName.Domain.Shared\SE.MyProjectName.Domain.Shared.csproj", "{0BC41A98-922C-4384-9C80-0EBB0024DB3D}"
EndProject
Project("{FAE04EC0-301F-11D3-BF4B-00C04F79EFBC}") = "SE.MyProjectName.Application", "src\SE.MyProjectName.Application\SE.MyProjectName.Application.csproj", "{65319EF2-15CD-4DD7-9276-09E309AAC80A}"
EndProject
Project("{FAE04EC0-301F-11D3-BF4B-00C04F79EFBC}") = "SE.MyProjectName.Application.Contracts", "src\SE.MyProjectName.Application.Contracts\SE.MyProjectName.Application.Contracts.csproj", "{7E14D46B-140B-4595-B8A1-B0B5A3019709}"
EndProject
Project("{FAE04EC0-301F-11D3-BF4B-00C04F79EFBC}") = "SE.Abp.Domain", "src\SE.Abp.Domain\SE.Abp.Domain.csproj", "{F3DC44FF-7DA4-4B1A-BDDC-7599C7261CDD}"
EndProject
Project("{FAE04EC0-301F-11D3-BF4B-00C04F79EFBC}") = "SE.Abp.Core", "src\SE.Abp.Core\SE.Abp.Core.csproj", "{E9348314-3F47-4BF6-BA52-DE42F8DC003A}"
EndProject
Project("{FAE04EC0-301F-11D3-BF4B-00C04F79EFBC}") = "SE.Abp.Infrastructure", "src\SE.Abp.Infrastructure\SE.Abp.Infrastructure.csproj", "{907C795D-41E6-45E4-A82F-EF6D58C1C495}"
EndProject
Project("{FAE04EC0-301F-11D3-BF4B-00C04F79EFBC}") = "SE.Abp.Application.Contracts", "src\SE.Abp.Application.Contracts\SE.Abp.Application.Contracts.csproj", "{F3D321D1-9901-46F9-A190-E0167E459192}"
EndProject
Project("{FAE04EC0-301F-11D3-BF4B-00C04F79EFBC}") = "SE.MyProjectName.Host", "src\SE.MyProjectName.Host\SE.MyProjectName.Host.csproj", "{8EB08F8D-E619-4DC0-98F6-CC4556C9DD66}"
EndProject
Global
	GlobalSection(SolutionConfigurationPlatforms) = preSolution
		Debug|Any CPU = Debug|Any CPU
		Release|Any CPU = Release|Any CPU
	EndGlobalSection
	GlobalSection(NestedProjects) = preSolution
		{68DE6752-63A9-415D-B652-7F5014BD6F24} = {D2814DBA-CBA3-4EEC-9388-740D20D4B2D1}
		{C920DA1C-A404-4809-B75F-19C48CC52ABE} = {D2814DBA-CBA3-4EEC-9388-740D20D4B2D1}
		{0BC41A98-922C-4384-9C80-0EBB0024DB3D} = {D2814DBA-CBA3-4EEC-9388-740D20D4B2D1}
		{65319EF2-15CD-4DD7-9276-09E309AAC80A} = {D2814DBA-CBA3-4EEC-9388-740D20D4B2D1}
		{7E14D46B-140B-4595-B8A1-B0B5A3019709} = {D2814DBA-CBA3-4EEC-9388-740D20D4B2D1}
		{F3DC44FF-7DA4-4B1A-BDDC-7599C7261CDD} = {D2814DBA-CBA3-4EEC-9388-740D20D4B2D1}
		{E9348314-3F47-4BF6-BA52-DE42F8DC003A} = {D2814DBA-CBA3-4EEC-9388-740D20D4B2D1}
		{907C795D-41E6-45E4-A82F-EF6D58C1C495} = {D2814DBA-CBA3-4EEC-9388-740D20D4B2D1}
		{F3D321D1-9901-46F9-A190-E0167E459192} = {D2814DBA-CBA3-4EEC-9388-740D20D4B2D1}
		{8EB08F8D-E619-4DC0-98F6-CC4556C9DD66} = {D2814DBA-CBA3-4EEC-9388-740D20D4B2D1}
	EndGlobalSection
	GlobalSection(ProjectConfigurationPlatforms) = postSolution
		{68DE6752-63A9-415D-B652-7F5014BD6F24}.Debug|Any CPU.ActiveCfg = Debug|Any CPU
		{68DE6752-63A9-415D-B652-7F5014BD6F24}.Debug|Any CPU.Build.0 = Debug|Any CPU
		{68DE6752-63A9-415D-B652-7F5014BD6F24}.Release|Any CPU.ActiveCfg = Release|Any CPU
		{68DE6752-63A9-415D-B652-7F5014BD6F24}.Release|Any CPU.Build.0 = Release|Any CPU
		{C920DA1C-A404-4809-B75F-19C48CC52ABE}.Debug|Any CPU.ActiveCfg = Debug|Any CPU
		{C920DA1C-A404-4809-B75F-19C48CC52ABE}.Debug|Any CPU.Build.0 = Debug|Any CPU
		{C920DA1C-A404-4809-B75F-19C48CC52ABE}.Release|Any CPU.ActiveCfg = Release|Any CPU
		{C920DA1C-A404-4809-B75F-19C48CC52ABE}.Release|Any CPU.Build.0 = Release|Any CPU
		{0BC41A98-922C-4384-9C80-0EBB0024DB3D}.Debug|Any CPU.ActiveCfg = Debug|Any CPU
		{0BC41A98-922C-4384-9C80-0EBB0024DB3D}.Debug|Any CPU.Build.0 = Debug|Any CPU
		{0BC41A98-922C-4384-9C80-0EBB0024DB3D}.Release|Any CPU.ActiveCfg = Release|Any CPU
		{0BC41A98-922C-4384-9C80-0EBB0024DB3D}.Release|Any CPU.Build.0 = Release|Any CPU
		{65319EF2-15CD-4DD7-9276-09E309AAC80A}.Debug|Any CPU.ActiveCfg = Debug|Any CPU
		{65319EF2-15CD-4DD7-9276-09E309AAC80A}.Debug|Any CPU.Build.0 = Debug|Any CPU
		{65319EF2-15CD-4DD7-9276-09E309AAC80A}.Release|Any CPU.ActiveCfg = Release|Any CPU
		{65319EF2-15CD-4DD7-9276-09E309AAC80A}.Release|Any CPU.Build.0 = Release|Any CPU
		{7E14D46B-140B-4595-B8A1-B0B5A3019709}.Debug|Any CPU.ActiveCfg = Debug|Any CPU
		{7E14D46B-140B-4595-B8A1-B0B5A3019709}.Debug|Any CPU.Build.0 = Debug|Any CPU
		{7E14D46B-140B-4595-B8A1-B0B5A3019709}.Release|Any CPU.ActiveCfg = Release|Any CPU
		{7E14D46B-140B-4595-B8A1-B0B5A3019709}.Release|Any CPU.Build.0 = Release|Any CPU
		{F3DC44FF-7DA4-4B1A-BDDC-7599C7261CDD}.Debug|Any CPU.ActiveCfg = Debug|Any CPU
		{F3DC44FF-7DA4-4B1A-BDDC-7599C7261CDD}.Debug|Any CPU.Build.0 = Debug|Any CPU
		{F3DC44FF-7DA4-4B1A-BDDC-7599C7261CDD}.Release|Any CPU.ActiveCfg = Release|Any CPU
		{F3DC44FF-7DA4-4B1A-BDDC-7599C7261CDD}.Release|Any CPU.Build.0 = Release|Any CPU
		{E9348314-3F47-4BF6-BA52-DE42F8DC003A}.Debug|Any CPU.ActiveCfg = Debug|Any CPU
		{E9348314-3F47-4BF6-BA52-DE42F8DC003A}.Debug|Any CPU.Build.0 = Debug|Any CPU
		{E9348314-3F47-4BF6-BA52-DE42F8DC003A}.Release|Any CPU.ActiveCfg = Release|Any CPU
		{E9348314-3F47-4BF6-BA52-DE42F8DC003A}.Release|Any CPU.Build.0 = Release|Any CPU
		{907C795D-41E6-45E4-A82F-EF6D58C1C495}.Debug|Any CPU.ActiveCfg = Debug|Any CPU
		{907C795D-41E6-45E4-A82F-EF6D58C1C495}.Debug|Any CPU.Build.0 = Debug|Any CPU
		{907C795D-41E6-45E4-A82F-EF6D58C1C495}.Release|Any CPU.ActiveCfg = Release|Any CPU
		{907C795D-41E6-45E4-A82F-EF6D58C1C495}.Release|Any CPU.Build.0 = Release|Any CPU
		{F3D321D1-9901-46F9-A190-E0167E459192}.Debug|Any CPU.ActiveCfg = Debug|Any CPU
		{F3D321D1-9901-46F9-A190-E0167E459192}.Debug|Any CPU.Build.0 = Debug|Any CPU
		{F3D321D1-9901-46F9-A190-E0167E459192}.Release|Any CPU.ActiveCfg = Release|Any CPU
		{F3D321D1-9901-46F9-A190-E0167E459192}.Release|Any CPU.Build.0 = Release|Any CPU
		{8EB08F8D-E619-4DC0-98F6-CC4556C9DD66}.Debug|Any CPU.ActiveCfg = Debug|Any CPU
		{8EB08F8D-E619-4DC0-98F6-CC4556C9DD66}.Debug|Any CPU.Build.0 = Debug|Any CPU
		{8EB08F8D-E619-4DC0-98F6-CC4556C9DD66}.Release|Any CPU.ActiveCfg = Release|Any CPU
		{8EB08F8D-E619-4DC0-98F6-CC4556C9DD66}.Release|Any CPU.Build.0 = Release|Any CPU
	EndGlobalSection
EndGlobal
